
Microsoft Visual Studio Solution File, Format Version 12.00
# Visual Studio Version 17
VisualStudioVersion = 17.2.32526.322
MinimumVisualStudioVersion = 10.0.40219.1
Project("{FAE04EC0-301F-11D3-BF4B-00C04F79EFBC}") = "Student Database Arrays", "Student Database Arrays\Student Database Arrays.csproj", "{24A72411-F6E1-4776-A513-014919F1CDF6}"
EndProject
Global
	GlobalSection(SolutionConfigurationPlatforms) = preSolution
		Debug|Any CPU = Debug|Any CPU
		Release|Any CPU = Release|Any CPU
	EndGlobalSection
	GlobalSection(ProjectConfigurationPlatforms) = postSolution
		{24A72411-F6E1-4776-A513-014919F1CDF6}.Debug|Any CPU.ActiveCfg = Debug|Any CPU
		{24A72411-F6E1-4776-A513-014919F1CDF6}.Debug|Any CPU.Build.0 = Debug|Any CPU
		{24A72411-F6E1-4776-A513-014919F1CDF6}.Release|Any CPU.ActiveCfg = Release|Any CPU
		{24A72411-F6E1-4776-A513-014919F1CDF6}.Release|Any CPU.Build.0 = Release|Any CPU
	EndGlobalSection
	GlobalSection(SolutionProperties) = preSolution
		HideSolutionNode = FALSE
	EndGlobalSection
	GlobalSection(ExtensibilityGlobals) = postSolution
		SolutionGuid = {7AF173DC-DD67-4A2E-9498-0D77DD4D9195}
	EndGlobalSection
EndGlobal
